{
  "version": 4,
  "terraform_version": "1.16.0",
  "serial": 1,
  "lineage": "724f982c-2787-791d-cbc9-f271a96f78dc",
  "outputs": {},
  "resources": [
    {
      "mode": "managed",
      "type": "aws_vpc",
      "name": "sandbox",
      "provider": "provider[\"registry.terraform.io/hashicorp/aws\"]",
      "instances": [
        {
          "schema_version": 1,
          "attributes": {
            "arn": "arn:aws:ec2:us-east-1:956880924492:vpc/vpc-0490f09391093f86c",
            "assign_generated_ipv6_cidr_block": false,
            "cidr_block": "10.0.0.0/16",
            "default_network_acl_id": "acl-09e13befcbaed6a19",
            "default_route_table_id": "rtb-0b1dff5290039448a",
            "default_security_group_id": "sg-07ea42b9dd5869d6f",
            "dhcp_options_id": "dopt-0f127d8c35ddb346f",
            "enable_dns_hostnames": false,
            "enable_dns_support": true,
            "enable_network_address_usage_metrics": false,
            "id": "vpc-0490f09391093f86c",
            "instance_tenancy": "default",
            "ipv4_ipam_pool_id": null,
            "ipv4_netmask_length": null,
            "ipv6_association_id": "",
            "ipv6_cidr_block": "",
            "ipv6_cidr_block_network_border_group": "",
            "ipv6_ipam_pool_id": "",
            "ipv6_netmask_length": 0,
            "main_route_table_id": "rtb-0b1dff5290039448a",
            "owner_id": "956880924492",
            "region": "us-east-1",
            "tags": {
              "Name": "testing-assignment-VPC"
            },
            "tags_all": {
              "Name": "testing-assignment-VPC"
            }
          },
          "sensitive_attributes": [],
          "identity_schema_version": 0,
          "identity": {
            "account_id": "956880924492",
            "id": "vpc-0490f09391093f86c",
            "region": "us-east-1"
          },
          "private": "eyJzY2hlbWFfdmVyc2lvbiI6IjEifQ=="
        }
      ]
    }
  ],
  "check_results": null
}
